{
  "requires": true,
  "lockfileVersion": 1,
  "dependencies": {
    "goober": {
      "version": "2.0.37",
      "resolved": "https://registry.npmjs.org/goober/-/goober-2.0.37.tgz",
      "integrity": "sha512-wgj5C7IJX2+MyHZ4TgOA+hLL1mCDW+jGorQ5KCMLF1ofE9gQkfbo1s8txIrzIsAX65XRTm0qaipolId2KMYUkw=="
    },
    "react-hook-form": {
      "version": "7.3.5",
      "resolved": "https://registry.npmjs.org/react-hook-form/-/react-hook-form-7.3.5.tgz",
      "integrity": "sha512-T7PgHpFa4lPfVVnqm5+nDMB/CCrZ7OUBQC17ZXQ2QAZMxfc8qDbETo+Nrsd2TE5mszg6fT0bjb3EeE2DAzv7lQ=="
    },
    "react-hot-toast": {
      "version": "1.0.2",
      "resolved": "https://registry.npmjs.org/react-hot-toast/-/react-hot-toast-1.0.2.tgz",
      "integrity": "sha512-wp89H0WA6EtiexAg5l3ys+WaZ3u0xM/FJWxl6YxR3hlquWhKvO9snBgTe4ATPEcgbS6pbc43RbuBINOkYOzA5A==",
      "requires": {
        "goober": "^2.0.15"
      }
    }
  }
}
