{
  "requires": true,
  "lockfileVersion": 1,
  "dependencies": {
    "neutron-ui": {
      "version": "1.0.0",
      "resolved": "https://registry.npmjs.org/neutron-ui/-/neutron-ui-1.0.0.tgz",
      "integrity": "sha512-AXtob0NdOMi3pnCThKGWsPp3ntC0jkhbNp5f44/PcAPczKeXtUACNZv59JFGNoQlK/mf+o5RK6xaIpj5w/0K0w=="
    }
  }
}
